// !$*UTF8*$!
{
	archiveVersion = 1;
	classes = {
	};
	objectVersion = 48;
	objects = {

/* Begin PBXBuildFile section */
		65832D3C205A6DE5002E8C79 /* AppDelegate.swift in Sources */ = {isa = PBXBuildFile; fileRef = 65832D3B205A6DE5002E8C79 /* AppDelegate.swift */; };
		65832D3E205A6DE5002E8C79 /* ViewController.swift in Sources */ = {isa = PBXBuildFile; fileRef = 65832D3D205A6DE5002E8C79 /* ViewController.swift */; };
		65832D41205A6DE5002E8C79 /* Main.storyboard in Resources */ = {isa = PBXBuildFile; fileRef = 65832D3F205A6DE5002E8C79 /* Main.storyboard */; };
		65832D43205A6DE5002E8C79 /* Assets.xcassets in Resources */ = {isa = PBXBuildFile; fileRef = 65832D42205A6DE5002E8C79 /* Assets.xcassets */; };
		65832D46205A6DE5002E8C79 /* LaunchScreen.storyboard in Resources */ = {isa = PBXBuildFile; fileRef = 65832D44205A6DE5002E8C79 /* LaunchScreen.storyboard */; };
/* End PBXBuildFile section */

/* Begin PBXFileReference section */
		65832D38205A6DE5002E8C79 /* Prueba1.app */ = {isa = PBXFileReference; explicitFileType = wrapper.application; includeInIndex = 0; path = Prueba1.app; sourceTree = BUILT_PRODUCTS_DIR; };
		65832D3B205A6DE5002E8C79 /* AppDelegate.swift */ = {isa = PBXFileReference; lastKnownFileType = sourcecode.swift; path = AppDelegate.swift; sourceTree = "<group>"; };
		65832D3D205A6DE5002E8C79 /* ViewController.swift */ = {isa = PBXFileReference; lastKnownFileType = sourcecode.swift; path = ViewController.swift; sourceTree = "<group>"; };
		65832D40205A6DE5002E8C79 /* Base */ = {isa = PBXFileReference; lastKnownFileType = file.storyboard; name = Base; path = Base.lproj/Main.storyboard; sourceTree = "<group>"; };
		65832D42205A6DE5002E8C79 /* Assets.xcassets */ = {isa = PBXFileReference; lastKnownFileType = folder.assetcatalog; path = Assets.xcassets; sourceTree = "<group>"; };
		65832D45205A6DE5002E8C79 /* Base */ = {isa = PBXFileReference; lastKnownFileType = file.storyboard; name = Base; path = Base.lproj/LaunchScreen.storyboard; sourceTree = "<group>"; };
		65832D47205A6DE5002E8C79 /* Info.plist */ = {isa = PBXFileReference; lastKnownFileType = text.plist.xml; path = Info.plist; sourceTree = "<group>"; };
/* End PBXFileReference section */

/* Begin PBXFrameworksBuildPhase section */
		65832D35205A6DE5002E8C79 /* Frameworks */ = {
			isa = PBXFrameworksBuildPhase;
			buildActionMask = 2147483647;
			files = (
			);
			runOnlyForDeploymentPostprocessing = 0;
		};
/* End PBXFrameworksBuildPhase section */

/* Begin PBXGroup section */
		65832D2F205A6DE5002E8C79 = {
			isa = PBXGroup;
			children = (
				65832D3A205A6DE5002E8C79 /* Prueba1 */,
				65832D39205A6DE5002E8C79 /* Products */,
			);
			sourceTree = "<group>";
		};
		65832D39205A6DE5002E8C79 /* Products */ = {
			isa = PBXGroup;
			children = (
				65832D38205A6DE5002E8C79 /* Prueba1.app */,
			);
			name = Products;
			sourceTree = "<group>";
		};
		65832D3A205A6DE5002E8C79 /* Prueba1 */ = {
			isa = PBXGroup;
			children = (
				65832D3B205A6DE5002E8C79 /* AppDelegate.swift */,
				65832D3D205A6DE5002E8C79 /* ViewController.swift */,
				65832D3F205A6DE5002E8C79 /* Main.storyboard */,
				65832D42205A6DE5002E8C79 /* Assets.xcassets */,
				65832D44205A6DE5002E8C79 /* LaunchScreen.storyboard */,
				65832D47205A6DE5002E8C79 /* Info.plist */,
			);
			path = Prueba1;
			sourceTree = "<group>";
		};
/* End PBXGroup section */

/* Begin PBXNativeTarget section */
		65832D37205A6DE5002E8C79 /* Prueba1 */ = {
			isa = PBXNativeTarget;
			buildConfigurationList = 65832D4A205A6DE5002E8C79 /* Build configuration list for PBXNativeTarget "Prueba1" */;
			buildPhases = (
				65832D34205A6DE5002E8C79 /* Sources */,
				65832D35205A6DE5002E8C79 /* Frameworks */,
				65832D36205A6DE5002E8C79 /* Resources */,
			);
			buildRules = (
			);
			dependencies = (
			);
			name = Prueba1;
			productName = Prueba1;
			productReference = 65832D38205A6DE5002E8C79 /* Prueba1.app */;
			productType = "com.apple.product-type.application";
		};
/* End PBXNativeTarget section */

/* Begin PBXProject section */
		65832D30205A6DE5002E8C79 /* Project object */ = {
			isa = PBXProject;
			attributes = {
				LastSwiftUpdateCheck = 0920;
				LastUpgradeCheck = 0920;
				ORGANIZATIONNAME = "ALBERTO GURPEGUI RAMÓN";
				TargetAttributes = {
					65832D37205A6DE5002E8C79 = {
						CreatedOnToolsVersion = 9.2;
						ProvisioningStyle = Automatic;
					};
				};
			};
			buildConfigurationList = 65832D33205A6DE5002E8C79 /* Build configuration list for PBXProject "Prueba1" */;
			compatibilityVersion = "Xcode 8.0";
			developmentRegion = en;
			hasScannedForEncodings = 0;
			knownRegions = (
				en,
				Base,
			);
			mainGroup = 65832D2F205A6DE5002E8C79;
			productRefGroup = 65832D39205A6DE5002E8C79 /* Products */;
			projectDirPath = "";
			projectRoot = "";
			targets = (
				65832D37205A6DE5002E8C79 /* Prueba1 */,
			);
		};
/* End PBXProject section */

/* Begin PBXResourcesBuildPhase section */
		65832D36205A6DE5002E8C79 /* Resources */ = {
			isa = PBXResourcesBuildPhase;
			buildActionMask = 2147483647;
			files = (
				65832D46205A6DE5002E8C79 /* LaunchScreen.storyboard in Resources */,
				65832D43205A6DE5002E8C79 /* Assets.xcassets in Resources */,
				65832D41205A6DE5002E8C79 /* Main.storyboard in Resources */,
			);
			runOnlyForDeploymentPostprocessing = 0;
		};
/* End PBXResourcesBuildPhase section */

/* Begin PBXSourcesBuildPhase section */
		65832D34205A6DE5002E8C79 /* Sources */ = {
			isa = PBXSourcesBuildPhase;
			buildActionMask = 2147483647;
			files = (
				65832D3E205A6DE5002E8C79 /* ViewController.swift in Sources */,
				65832D3C205A6DE5002E8C79 /* AppDelegate.swift in Sources */,
			);
			runOnlyForDeploymentPostprocessing = 0;
		};
/* End PBXSourcesBuildPhase section */

/* Begin PBXVariantGroup section */
		65832D3F205A6DE5002E8C79 /* Main.storyboard */ = {
			isa = PBXVariantGroup;
			children = (
				65832D40205A6DE5002E8C79 /* Base */,
			);
			name = Main.storyboard;
			sourceTree = "<group>";
		};
		65832D44205A6DE5002E8C79 /* LaunchScreen.storyboard */ = {
			isa = PBXVariantGroup;
			children = (
				65832D45205A6DE5002E8C79 /* Base */,
			);
			name = LaunchScreen.storyboard;
			sourceTree = "<group>";
		};
/* End PBXVariantGroup section */

/* Begin XCBuildConfiguration section */
		65832D48205A6DE5002E8C79 /* Debug */ = {
			isa = XCBuildConfiguration;
			buildSettings = {
				ALWAYS_SEARCH_USER_PATHS = NO;
				CLANG_ANALYZER_NONNULL = YES;
				CLANG_ANALYZER_NUMBER_OBJECT_CONVERSION = YES_AGGRESSIVE;
				CLANG_CXX_LANGUAGE_STANDARD = "gnu++14";
				CLANG_CXX_LIBRARY = "libc++";
				CLANG_ENABLE_MODULES = YES;
				CLANG_ENABLE_OBJC_ARC = YES;
				CLANG_WARN_BLOCK_CAPTURE_AUTORELEASING = YES;
				CLANG_WARN_BOOL_CONVERSION = YES;
				CLANG_WARN_COMMA = YES;
				CLANG_WARN_CONSTANT_CONVERSION = YES;
				CLANG_WARN_DIRECT_OBJC_ISA_USAGE = YES_ERROR;
				CLANG_WARN_DOCUMENTATION_COMMENTS = YES;
				CLANG_WARN_EMPTY_BODY = YES;
				CLANG_WARN_ENUM_CONVERSION = YES;
				CLANG_WARN_INFINITE_RECURSION = YES;
				CLANG_WARN_INT_CONVERSION = YES;
				CLANG_WARN_NON_LITERAL_NULL_CONVERSION = YES;
				CLANG_WARN_OBJC_LITERAL_CONVERSION = YES;
				CLANG_WARN_OBJC_ROOT_CLASS = YES_ERROR;
				CLANG_WARN_RANGE_LOOP_ANALYSIS = YES;
				CLANG_WARN_STRICT_PROTOTYPES = YES;
				CLANG_WARN_SUSPICIOUS_MOVE = YES;
				CLANG_WARN_UNGUARDED_AVAILABILITY = YES_AGGRESSIVE;
				CLANG_WARN_UNREACHABLE_CODE = YES;
				CLANG_WARN__DUPLICATE_METHOD_MATCH = YES;
				CODE_SIGN_IDENTITY = "iPhone Developer";
				COPY_PHASE_STRIP = NO;
				DEBUG_INFORMATION_FORMAT = dwarf;
				ENABLE_STRICT_OBJC_MSGSEND = YES;
				ENABLE_TESTABILITY = YES;
				GCC_C_LANGUAGE_STANDARD = gnu11;
				GCC_DYNAMIC_NO_PIC = NO;
				GCC_NO_COMMON_BLOCKS = YES;
				GCC_OPTIMIZATION_LEVEL = 0;
				GCC_PREPROCESSOR_DEFINITIONS = (
					"DEBUG=1",
					"$(inherited)",
				);
				GCC_WARN_64_TO_32_BIT_CONVERSION = YES;
				GCC_WARN_ABOUT_RETURN_TYPE = YES_ERROR;
				GCC_WARN_UNDECLARED_SELECTOR = YES;
				GCC_WARN_UNINITIALIZED_AUTOS = YES_AGGRESSIVE;
				GCC_WARN_UNUSED_FUNCTION = YES;
				GCC_WARN_UNUSED_VARIABLE = YES;
				IPHONEOS_DEPLOYMENT_TARGET = 11.2;
				MTL_ENABLE_DEBUG_INFO = YES;
				ONLY_ACTIVE_ARCH = YES;
				SDKROOT = iphoneos;
				SWIFT_ACTIVE_COMPILATION_CONDITIONS = DEBUG;
				SWIFT_OPTIMIZATION_LEVEL = "-Onone";
			};
			name = Debug;
		};
		65832D49205A6DE5002E8C79 /* Release */ = {
			isa = XCBuildConfiguration;
			buildSettings = {
				ALWAYS_SEARCH_USER_PATHS = NO;
				CLANG_ANALYZER_NONNULL = YES;
				CLANG_ANALYZER_NUMBER_OBJECT_CONVERSION = YES_AGGRESSIVE;
				CLANG_CXX_LANGUAGE_STANDARD = "gnu++14";
				CLANG_CXX_LIBRARY = "libc++";
				CLANG_ENABLE_MODULES = YES;
				CLANG_ENABLE_OBJC_ARC = YES;
				CLANG_WARN_BLOCK_CAPTURE_AUTORELEASING = YES;
				CLANG_WARN_BOOL_CONVERSION = YES;
				CLANG_WARN_COMMA = YES;
				CLANG_WARN_CONSTANT_CONVERSION = YES;
				CLANG_WARN_DIRECT_OBJC_ISA_USAGE = YES_ERROR;
				CLANG_WARN_DOCUMENTATION_COMMENTS = YES;
				CLANG_WARN_EMPTY_BODY = YES;
				CLANG_WARN_ENUM_CONVERSION = YES;
				CLANG_WARN_INFINITE_RECURSION = YES;
				CLANG_WARN_INT_CONVERSION = YES;
				CLANG_WARN_NON_LITERAL_NULL_CONVERSION = YES;
				CLANG_WARN_OBJC_LITERAL_CONVERSION = YES;
				CLANG_WARN_OBJC_ROOT_CLASS = YES_ERROR;
				CLANG_WARN_RANGE_LOOP_ANALYSIS = YES;
				CLANG_WARN_STRICT_PROTOTYPES = YES;
				CLANG_WARN_SUSPICIOUS_MOVE = YES;
				CLANG_WARN_UNGUARDED_AVAILABILITY = YES_AGGRESSIVE;
				CLANG_WARN_UNREACHABLE_CODE = YES;
				CLANG_WARN__DUPLICATE_METHOD_MATCH = YES;
				CODE_SIGN_IDENTITY = "iPhone Developer";
				COPY_PHASE_STRIP = NO;
				DEBUG_INFORMATION_FORMAT = "dwarf-with-dsym";
				ENABLE_NS_ASSERTIONS = NO;
				ENABLE_STRICT_OBJC_MSGSEND = YES;
				GCC_C_LANGUAGE_STANDARD = gnu11;
				GCC_NO_COMMON_BLOCKS = YES;
				GCC_WARN_64_TO_32_BIT_CONVERSION = YES;
				GCC_WARN_ABOUT_RETURN_TYPE = YES_ERROR;
				GCC_WARN_UNDECLARED_SELECTOR = YES;
				GCC_WARN_UNINITIALIZED_AUTOS = YES_AGGRESSIVE;
				GCC_WARN_UNUSED_FUNCTION = YES;
				GCC_WARN_UNUSED_VARIABLE = YES;
				IPHONEOS_DEPLOYMENT_TARGET = 11.2;
				MTL_ENABLE_DEBUG_INFO = NO;
				SDKROOT = iphoneos;
				SWIFT_OPTIMIZATION_LEVEL = "-Owholemodule";
				VALIDATE_PRODUCT = YES;
			};
			name = Release;
		};
		65832D4B205A6DE5002E8C79 /* Debug */ = {
			isa = XCBuildConfiguration;
			buildSettings = {
				CODE_SIGN_STYLE = Automatic;
				DEVELOPMENT_TEAM = V9UK4F2999;
				INFOPLIST_FILE = Prueba1/Info.plist;
				LD_RUNPATH_SEARCH_PATHS = "$(inherited) @executable_path/Frameworks";
				PRODUCT_BUNDLE_IDENTIFIER = albertogurpegui.Prueba1;
				PRODUCT_NAME = "$(TARGET_NAME)";
				SWIFT_VERSION = 4.0;
				TARGETED_DEVICE_FAMILY = "1,2";
			};
			name = Debug;
		};
		65832D4C205A6DE5002E8C79 /* Release */ = {
			isa = XCBuildConfiguration;
			buildSettings = {
				CODE_SIGN_STYLE = Automatic;
				DEVELOPMENT_TEAM = V9UK4F2999;
				INFOPLIST_FILE = Prueba1/Info.plist;
				LD_RUNPATH_SEARCH_PATHS = "$(inherited) @executable_path/Frameworks";
				PRODUCT_BUNDLE_IDENTIFIER = albertogurpegui.Prueba1;
				PRODUCT_NAME = "$(TARGET_NAME)";
				SWIFT_VERSION = 4.0;
				TARGETED_DEVICE_FAMILY = "1,2";
			};
			name = Release;
		};
/* End XCBuildConfiguration section */

/* Begin XCConfigurationList section */
		65832D33205A6DE5002E8C79 /* Build configuration list for PBXProject "Prueba1" */ = {
			isa = XCConfigurationList;
			buildConfigurations = (
				65832D48205A6DE5002E8C79 /* Debug */,
				65832D49205A6DE5002E8C79 /* Release */,
			);
			defaultConfigurationIsVisible = 0;
			defaultConfigurationName = Release;
		};
		65832D4A205A6DE5002E8C79 /* Build configuration list for PBXNativeTarget "Prueba1" */ = {
			isa = XCConfigurationList;
			buildConfigurations = (
				65832D4B205A6DE5002E8C79 /* Debug */,
				65832D4C205A6DE5002E8C79 /* Release */,
			);
			defaultConfigurationIsVisible = 0;
			defaultConfigurationName = Release;
		};
/* End XCConfigurationList section */
	};
	rootObject = 65832D30205A6DE5002E8C79 /* Project object */;
}
